
Microsoft Visual Studio Solution File, Format Version 12.00
# Visual Studio Version 17
VisualStudioVersion = 17.13.35931.197 d17.13
MinimumVisualStudioVersion = 10.0.40219.1
Project("{FAE04EC0-301F-11D3-BF4B-00C04F79EFBC}") = "AttendanceSystemProject", "AttendanceSystemProject\AttendanceSystemProject.csproj", "{1BF08290-FC2B-4A15-9341-C320C17214F0}"
EndProject
Global
	GlobalSection(SolutionConfigurationPlatforms) = preSolution
		Debug|Any CPU = Debug|Any CPU
		Release|Any CPU = Release|Any CPU
	EndGlobalSection
	GlobalSection(ProjectConfigurationPlatforms) = postSolution
		{1BF08290-FC2B-4A15-9341-C320C17214F0}.Debug|Any CPU.ActiveCfg = Debug|Any CPU
		{1BF08290-FC2B-4A15-9341-C320C17214F0}.Debug|Any CPU.Build.0 = Debug|Any CPU
		{1BF08290-FC2B-4A15-9341-C320C17214F0}.Release|Any CPU.ActiveCfg = Release|Any CPU
		{1BF08290-FC2B-4A15-9341-C320C17214F0}.Release|Any CPU.Build.0 = Release|Any CPU
	EndGlobalSection
	GlobalSection(SolutionProperties) = preSolution
		HideSolutionNode = FALSE
	EndGlobalSection
	GlobalSection(ExtensibilityGlobals) = postSolution
		SolutionGuid = {F019AD85-4865-4B70-A016-017EED681921}
	EndGlobalSection
EndGlobal
